GEM
  remote: https://rubygems.org/
  specs:
    bigdecimal (3.3.1)
    erb (6.0.1)
    google-protobuf (4.33.2)
      bigdecimal
      rake (>= 13)
    googleapis-common-protos-types (1.22.0)
      google-protobuf (~> 4.26)
    grpc (1.76.0)
      google-protobuf (>= 3.25, < 5.0)
      googleapis-common-protos-types (~> 1.0)
    optparse (0.8.0)
    rake (13.3.1)

PLATFORMS
  ruby

DEPENDENCIES
  erb
  grpc (~> 1.73)
  optparse (~> 0.8.0)

BUNDLED WITH
   2.6.6
